uuid: b207efb3-46ca-4d97-94b4-a14239002569
langcode: en
status: true
dependencies:
  content:
    - 'block_content:basic:14283cad-46d1-4447-9cc2-d093a368ce70'
  module:
    - block_class
    - block_content
    - system
  theme:
    - trilliumlincoln
third_party_settings:
  block_class:
    classes: ''
id: homebuttonblock
theme: trilliumlincoln
region: content_bottom
weight: 0
provider: null
plugin: 'block_content:14283cad-46d1-4447-9cc2-d093a368ce70'
settings:
  id: 'block_content:14283cad-46d1-4447-9cc2-d093a368ce70'
  label: 'Home Button Block'
  provider: block_content
  label_display: '0'
  status: true
  info: ''
  view_mode: full
visibility:
  request_path:
    id: request_path
    pages: '<front>'
    negate: false
    context_mapping: {  }
