uuid: 546e28cd-53c2-4196-bbd9-2130e0750b33
langcode: en
status: true
dependencies:
  content:
    - 'block_content:basic:0e77ac89-0447-4c0e-862d-3a9604de0720'
  module:
    - block_class
    - block_content
    - system
  theme:
    - trilliumlincoln
third_party_settings:
  block_class:
    classes: ''
id: homebuttonblock
theme: trilliumlincoln
region: content_bottom
weight: -11
provider: null
plugin: 'block_content:0e77ac89-0447-4c0e-862d-3a9604de0720'
settings:
  id: 'block_content:0e77ac89-0447-4c0e-862d-3a9604de0720'
  label: 'Home Button Block'
  provider: block_content
  label_display: '0'
  status: true
  info: ''
  view_mode: full
visibility:
  request_path:
    id: request_path
    pages: '<front>'
    negate: false
    context_mapping: {  }
