uuid: 87615f30-7fe9-4591-8d29-081ddea9f851
langcode: en
status: true
dependencies:
  module:
    - system
    - trilliumlincoln_map
  theme:
    - trilliumlincoln
id: trilliumlincolnmapblock
theme: trilliumlincoln
region: highlighted
weight: -15
provider: null
plugin: trilliumlincoln_map_custom_block
settings:
  id: trilliumlincoln_map_custom_block
  label: 'Visit Us'
  provider: trilliumlincoln_map
  label_display: '0'
  message: 'Trillium Lincoln is located at 4589 Industrial Pkwy in Alliston.'
  lat: '44.162004'
  lng: '-79.828266'
visibility:
  request_path:
    id: request_path
    pages: "/location-hours\r\n"
    negate: false
    context_mapping: {  }
