uuid: f904b4ba-b090-40b7-b865-328b335ef872
langcode: en
status: true
dependencies:
  config:
    - block_content.type.image_block
    - field.storage.block_content.field_image_block
    - media.type.image
id: block_content.image_block.field_image_block
field_name: field_image_block
entity_type: block_content
bundle: image_block
label: Image
description: ''
required: false
translatable: false
default_value: {  }
default_value_callback: ''
settings:
  handler: 'default:media'
  handler_settings:
    target_bundles:
      image: image
    sort:
      field: _none
    auto_create: false
    auto_create_bundle: ''
field_type: entity_reference
